
Microsoft Visual Studio Solution File, Format Version 12.00
# Visual Studio Version 17
VisualStudioVersion = 17.4.33205.214
MinimumVisualStudioVersion = 10.0.40219.1
Project("{FAE04EC0-301F-11D3-BF4B-00C04F79EFBC}") = "LessonPart", "LessonPart.csproj", "{98E300B2-541E-468D-B39D-784C9BFB3357}"
EndProject
Global
	GlobalSection(SolutionConfigurationPlatforms) = preSolution
		Debug|Any CPU = Debug|Any CPU
		Release|Any CPU = Release|Any CPU
	EndGlobalSection
	GlobalSection(ProjectConfigurationPlatforms) = postSolution
		{98E300B2-541E-468D-B39D-784C9BFB3357}.Debug|Any CPU.ActiveCfg = Debug|Any CPU
		{98E300B2-541E-468D-B39D-784C9BFB3357}.Debug|Any CPU.Build.0 = Debug|Any CPU
		{98E300B2-541E-468D-B39D-784C9BFB3357}.Release|Any CPU.ActiveCfg = Release|Any CPU
		{98E300B2-541E-468D-B39D-784C9BFB3357}.Release|Any CPU.Build.0 = Release|Any CPU
	EndGlobalSection
	GlobalSection(SolutionProperties) = preSolution
		HideSolutionNode = FALSE
	EndGlobalSection
	GlobalSection(ExtensibilityGlobals) = postSolution
		SolutionGuid = {1D8F58D1-53B8-423C-8B81-76BF6A815741}
	EndGlobalSection
EndGlobal
